// !$*UTF8*$!
{
	archiveVersion = 1;
	classes = {
	};
	objectVersion = 56;
	objects = {

/* Begin PBXBuildFile section */
		954067512C2C8B21000B0AFC /* MacBookInfoAPIApp.swift in Sources */ = {isa = PBXBuildFile; fileRef = 954067502C2C8B21000B0AFC /* MacBookInfoAPIApp.swift */; };
		954067532C2C8B21000B0AFC /* ContentView.swift in Sources */ = {isa = PBXBuildFile; fileRef = 954067522C2C8B21000B0AFC /* ContentView.swift */; };
		954067552C2C8B23000B0AFC /* Assets.xcassets in Resources */ = {isa = PBXBuildFile; fileRef = 954067542C2C8B23000B0AFC /* Assets.xcassets */; };
		954067582C2C8B23000B0AFC /* Preview Assets.xcassets in Resources */ = {isa = PBXBuildFile; fileRef = 954067572C2C8B23000B0AFC /* Preview Assets.xcassets */; };
		954067622C2C8B24000B0AFC /* MacBookInfoAPITests.swift in Sources */ = {isa = PBXBuildFile; fileRef = 954067612C2C8B24000B0AFC /* MacBookInfoAPITests.swift */; };
		9540676C2C2C8B24000B0AFC /* MacBookInfoAPIUITests.swift in Sources */ = {isa = PBXBuildFile; fileRef = 9540676B2C2C8B24000B0AFC /* MacBookInfoAPIUITests.swift */; };
		9540676E2C2C8B24000B0AFC /* MacBookInfoAPIUITestsLaunchTests.swift in Sources */ = {isa = PBXBuildFile; fileRef = 9540676D2C2C8B24000B0AFC /* MacBookInfoAPIUITestsLaunchTests.swift */; };
		9540677F2C2C8B6A000B0AFC /* MacBook.swift in Sources */ = {isa = PBXBuildFile; fileRef = 9540677E2C2C8B6A000B0AFC /* MacBook.swift */; };
		954067812C2C8B84000B0AFC /* MacBookService.swift in Sources */ = {isa = PBXBuildFile; fileRef = 954067802C2C8B84000B0AFC /* MacBookService.swift */; };
		954067832C2C8BB0000B0AFC /* MacBookViewModel.swift in Sources */ = {isa = PBXBuildFile; fileRef = 954067822C2C8BB0000B0AFC /* MacBookViewModel.swift */; };
		954067852C2C8BD4000B0AFC /* MacBookView.swift in Sources */ = {isa = PBXBuildFile; fileRef = 954067842C2C8BD4000B0AFC /* MacBookView.swift */; };
		954067872C2C8C53000B0AFC /* MacBookServiceTests.swift in Sources */ = {isa = PBXBuildFile; fileRef = 954067862C2C8C53000B0AFC /* MacBookServiceTests.swift */; };
		954067892C2C8C89000B0AFC /* MacBookViewModelTests.swift in Sources */ = {isa = PBXBuildFile; fileRef = 954067882C2C8C89000B0AFC /* MacBookViewModelTests.swift */; };
/* End PBXBuildFile section */

/* Begin PBXContainerItemProxy section */
		9540675E2C2C8B24000B0AFC /* PBXContainerItemProxy */ = {
			isa = PBXContainerItemProxy;
			containerPortal = 954067452C2C8B21000B0AFC /* Project object */;
			proxyType = 1;
			remoteGlobalIDString = 9540674C2C2C8B21000B0AFC;
			remoteInfo = MacBookInfoAPI;
		};
		954067682C2C8B24000B0AFC /* PBXContainerItemProxy */ = {
			isa = PBXContainerItemProxy;
			containerPortal = 954067452C2C8B21000B0AFC /* Project object */;
			proxyType = 1;
			remoteGlobalIDString = 9540674C2C2C8B21000B0AFC;
			remoteInfo = MacBookInfoAPI;
		};
/* End PBXContainerItemProxy section */

/* Begin PBXFileReference section */
		9540674D2C2C8B21000B0AFC /* MacBookInfoAPI.app */ = {isa = PBXFileReference; explicitFileType = wrapper.application; includeInIndex = 0; path = MacBookInfoAPI.app; sourceTree = BUILT_PRODUCTS_DIR; };
		954067502C2C8B21000B0AFC /* MacBookInfoAPIApp.swift */ = {isa = PBXFileReference; lastKnownFileType = sourcecode.swift; path = MacBookInfoAPIApp.swift; sourceTree = "<group>"; };
		954067522C2C8B21000B0AFC /* ContentView.swift */ = {isa = PBXFileReference; lastKnownFileType = sourcecode.swift; path = ContentView.swift; sourceTree = "<group>"; };
		954067542C2C8B23000B0AFC /* Assets.xcassets */ = {isa = PBXFileReference; lastKnownFileType = folder.assetcatalog; path = Assets.xcassets; sourceTree = "<group>"; };
		954067572C2C8B23000B0AFC /* Preview Assets.xcassets */ = {isa = PBXFileReference; lastKnownFileType = folder.assetcatalog; path = "Preview Assets.xcassets"; sourceTree = "<group>"; };
		9540675D2C2C8B24000B0AFC /* MacBookInfoAPITests.xctest */ = {isa = PBXFileReference; explicitFileType = wrapper.cfbundle; includeInIndex = 0; path = MacBookInfoAPITests.xctest; sourceTree = BUILT_PRODUCTS_DIR; };
		954067612C2C8B24000B0AFC /* MacBookInfoAPITests.swift */ = {isa = PBXFileReference; lastKnownFileType = sourcecode.swift; path = MacBookInfoAPITests.swift; sourceTree = "<group>"; };
		954067672C2C8B24000B0AFC /* MacBookInfoAPIUITests.xctest */ = {isa = PBXFileReference; explicitFileType = wrapper.cfbundle; includeInIndex = 0; path = MacBookInfoAPIUITests.xctest; sourceTree = BUILT_PRODUCTS_DIR; };
		9540676B2C2C8B24000B0AFC /* MacBookInfoAPIUITests.swift */ = {isa = PBXFileReference; lastKnownFileType = sourcecode.swift; path = MacBookInfoAPIUITests.swift; sourceTree = "<group>"; };
		9540676D2C2C8B24000B0AFC /* MacBookInfoAPIUITestsLaunchTests.swift */ = {isa = PBXFileReference; lastKnownFileType = sourcecode.swift; path = MacBookInfoAPIUITestsLaunchTests.swift; sourceTree = "<group>"; };
		9540677E2C2C8B6A000B0AFC /* MacBook.swift */ = {isa = PBXFileReference; lastKnownFileType = sourcecode.swift; path = MacBook.swift; sourceTree = "<group>"; };
		954067802C2C8B84000B0AFC /* MacBookService.swift */ = {isa = PBXFileReference; lastKnownFileType = sourcecode.swift; path = MacBookService.swift; sourceTree = "<group>"; };
		954067822C2C8BB0000B0AFC /* MacBookViewModel.swift */ = {isa = PBXFileReference; lastKnownFileType = sourcecode.swift; path = MacBookViewModel.swift; sourceTree = "<group>"; };
		954067842C2C8BD4000B0AFC /* MacBookView.swift */ = {isa = PBXFileReference; lastKnownFileType = sourcecode.swift; path = MacBookView.swift; sourceTree = "<group>"; };
		954067862C2C8C53000B0AFC /* MacBookServiceTests.swift */ = {isa = PBXFileReference; lastKnownFileType = sourcecode.swift; path = MacBookServiceTests.swift; sourceTree = "<group>"; };
		954067882C2C8C89000B0AFC /* MacBookViewModelTests.swift */ = {isa = PBXFileReference; lastKnownFileType = sourcecode.swift; path = MacBookViewModelTests.swift; sourceTree = "<group>"; };
/* End PBXFileReference section */

/* Begin PBXFrameworksBuildPhase section */
		9540674A2C2C8B21000B0AFC /* Frameworks */ = {
			isa = PBXFrameworksBuildPhase;
			buildActionMask = 2147483647;
			files = (
			);
			runOnlyForDeploymentPostprocessing = 0;
		};
		9540675A2C2C8B24000B0AFC /* Frameworks */ = {
			isa = PBXFrameworksBuildPhase;
			buildActionMask = 2147483647;
			files = (
			);
			runOnlyForDeploymentPostprocessing = 0;
		};
		954067642C2C8B24000B0AFC /* Frameworks */ = {
			isa = PBXFrameworksBuildPhase;
			buildActionMask = 2147483647;
			files = (
			);
			runOnlyForDeploymentPostprocessing = 0;
		};
/* End PBXFrameworksBuildPhase section */

/* Begin PBXGroup section */
		954067442C2C8B21000B0AFC = {
			isa = PBXGroup;
			children = (
				9540674F2C2C8B21000B0AFC /* MacBookInfoAPI */,
				954067602C2C8B24000B0AFC /* MacBookInfoAPITests */,
				9540676A2C2C8B24000B0AFC /* MacBookInfoAPIUITests */,
				9540674E2C2C8B21000B0AFC /* Products */,
			);
			sourceTree = "<group>";
		};
		9540674E2C2C8B21000B0AFC /* Products */ = {
			isa = PBXGroup;
			children = (
				9540674D2C2C8B21000B0AFC /* MacBookInfoAPI.app */,
				9540675D2C2C8B24000B0AFC /* MacBookInfoAPITests.xctest */,
				954067672C2C8B24000B0AFC /* MacBookInfoAPIUITests.xctest */,
			);
			name = Products;
			sourceTree = "<group>";
		};
		9540674F2C2C8B21000B0AFC /* MacBookInfoAPI */ = {
			isa = PBXGroup;
			children = (
				9540677D2C2C8B31000B0AFC /* Network */,
				9540677C2C2C8B2F000B0AFC /* Models */,
				9540677B2C2C8B2C000B0AFC /* View Models */,
				9540677A2C2C8B2A000B0AFC /* Views */,
				954067502C2C8B21000B0AFC /* MacBookInfoAPIApp.swift */,
				954067522C2C8B21000B0AFC /* ContentView.swift */,
				954067542C2C8B23000B0AFC /* Assets.xcassets */,
				954067562C2C8B23000B0AFC /* Preview Content */,
			);
			path = MacBookInfoAPI;
			sourceTree = "<group>";
		};
		954067562C2C8B23000B0AFC /* Preview Content */ = {
			isa = PBXGroup;
			children = (
				954067572C2C8B23000B0AFC /* Preview Assets.xcassets */,
			);
			path = "Preview Content";
			sourceTree = "<group>";
		};
		954067602C2C8B24000B0AFC /* MacBookInfoAPITests */ = {
			isa = PBXGroup;
			children = (
				954067612C2C8B24000B0AFC /* MacBookInfoAPITests.swift */,
				954067862C2C8C53000B0AFC /* MacBookServiceTests.swift */,
				954067882C2C8C89000B0AFC /* MacBookViewModelTests.swift */,
			);
			path = MacBookInfoAPITests;
			sourceTree = "<group>";
		};
		9540676A2C2C8B24000B0AFC /* MacBookInfoAPIUITests */ = {
			isa = PBXGroup;
			children = (
				9540676B2C2C8B24000B0AFC /* MacBookInfoAPIUITests.swift */,
				9540676D2C2C8B24000B0AFC /* MacBookInfoAPIUITestsLaunchTests.swift */,
			);
			path = MacBookInfoAPIUITests;
			sourceTree = "<group>";
		};
		9540677A2C2C8B2A000B0AFC /* Views */ = {
			isa = PBXGroup;
			children = (
				954067842C2C8BD4000B0AFC /* MacBookView.swift */,
			);
			path = Views;
			sourceTree = "<group>";
		};
		9540677B2C2C8B2C000B0AFC /* View Models */ = {
			isa = PBXGroup;
			children = (
				954067822C2C8BB0000B0AFC /* MacBookViewModel.swift */,
			);
			path = "View Models";
			sourceTree = "<group>";
		};
		9540677C2C2C8B2F000B0AFC /* Models */ = {
			isa = PBXGroup;
			children = (
				9540677E2C2C8B6A000B0AFC /* MacBook.swift */,
			);
			path = Models;
			sourceTree = "<group>";
		};
		9540677D2C2C8B31000B0AFC /* Network */ = {
			isa = PBXGroup;
			children = (
				954067802C2C8B84000B0AFC /* MacBookService.swift */,
			);
			path = Network;
			sourceTree = "<group>";
		};
/* End PBXGroup section */

/* Begin PBXNativeTarget section */
		9540674C2C2C8B21000B0AFC /* MacBookInfoAPI */ = {
			isa = PBXNativeTarget;
			buildConfigurationList = 954067712C2C8B24000B0AFC /* Build configuration list for PBXNativeTarget "MacBookInfoAPI" */;
			buildPhases = (
				954067492C2C8B21000B0AFC /* Sources */,
				9540674A2C2C8B21000B0AFC /* Frameworks */,
				9540674B2C2C8B21000B0AFC /* Resources */,
			);
			buildRules = (
			);
			dependencies = (
			);
			name = MacBookInfoAPI;
			productName = MacBookInfoAPI;
			productReference = 9540674D2C2C8B21000B0AFC /* MacBookInfoAPI.app */;
			productType = "com.apple.product-type.application";
		};
		9540675C2C2C8B24000B0AFC /* MacBookInfoAPITests */ = {
			isa = PBXNativeTarget;
			buildConfigurationList = 954067742C2C8B24000B0AFC /* Build configuration list for PBXNativeTarget "MacBookInfoAPITests" */;
			buildPhases = (
				954067592C2C8B24000B0AFC /* Sources */,
				9540675A2C2C8B24000B0AFC /* Frameworks */,
				9540675B2C2C8B24000B0AFC /* Resources */,
			);
			buildRules = (
			);
			dependencies = (
				9540675F2C2C8B24000B0AFC /* PBXTargetDependency */,
			);
			name = MacBookInfoAPITests;
			productName = MacBookInfoAPITests;
			productReference = 9540675D2C2C8B24000B0AFC /* MacBookInfoAPITests.xctest */;
			productType = "com.apple.product-type.bundle.unit-test";
		};
		954067662C2C8B24000B0AFC /* MacBookInfoAPIUITests */ = {
			isa = PBXNativeTarget;
			buildConfigurationList = 954067772C2C8B24000B0AFC /* Build configuration list for PBXNativeTarget "MacBookInfoAPIUITests" */;
			buildPhases = (
				954067632C2C8B24000B0AFC /* Sources */,
				954067642C2C8B24000B0AFC /* Frameworks */,
				954067652C2C8B24000B0AFC /* Resources */,
			);
			buildRules = (
			);
			dependencies = (
				954067692C2C8B24000B0AFC /* PBXTargetDependency */,
			);
			name = MacBookInfoAPIUITests;
			productName = MacBookInfoAPIUITests;
			productReference = 954067672C2C8B24000B0AFC /* MacBookInfoAPIUITests.xctest */;
			productType = "com.apple.product-type.bundle.ui-testing";
		};
/* End PBXNativeTarget section */

/* Begin PBXProject section */
		954067452C2C8B21000B0AFC /* Project object */ = {
			isa = PBXProject;
			attributes = {
				BuildIndependentTargetsInParallel = 1;
				LastSwiftUpdateCheck = 1520;
				LastUpgradeCheck = 1520;
				TargetAttributes = {
					9540674C2C2C8B21000B0AFC = {
						CreatedOnToolsVersion = 15.2;
					};
					9540675C2C2C8B24000B0AFC = {
						CreatedOnToolsVersion = 15.2;
						TestTargetID = 9540674C2C2C8B21000B0AFC;
					};
					954067662C2C8B24000B0AFC = {
						CreatedOnToolsVersion = 15.2;
						TestTargetID = 9540674C2C2C8B21000B0AFC;
					};
				};
			};
			buildConfigurationList = 954067482C2C8B21000B0AFC /* Build configuration list for PBXProject "MacBookInfoAPI" */;
			compatibilityVersion = "Xcode 14.0";
			developmentRegion = en;
			hasScannedForEncodings = 0;
			knownRegions = (
				en,
				Base,
			);
			mainGroup = 954067442C2C8B21000B0AFC;
			productRefGroup = 9540674E2C2C8B21000B0AFC /* Products */;
			projectDirPath = "";
			projectRoot = "";
			targets = (
				9540674C2C2C8B21000B0AFC /* MacBookInfoAPI */,
				9540675C2C2C8B24000B0AFC /* MacBookInfoAPITests */,
				954067662C2C8B24000B0AFC /* MacBookInfoAPIUITests */,
			);
		};
/* End PBXProject section */

/* Begin PBXResourcesBuildPhase section */
		9540674B2C2C8B21000B0AFC /* Resources */ = {
			isa = PBXResourcesBuildPhase;
			buildActionMask = 2147483647;
			files = (
				954067582C2C8B23000B0AFC /* Preview Assets.xcassets in Resources */,
				954067552C2C8B23000B0AFC /* Assets.xcassets in Resources */,
			);
			runOnlyForDeploymentPostprocessing = 0;
		};
		9540675B2C2C8B24000B0AFC /* Resources */ = {
			isa = PBXResourcesBuildPhase;
			buildActionMask = 2147483647;
			files = (
			);
			runOnlyForDeploymentPostprocessing = 0;
		};
		954067652C2C8B24000B0AFC /* Resources */ = {
			isa = PBXResourcesBuildPhase;
			buildActionMask = 2147483647;
			files = (
			);
			runOnlyForDeploymentPostprocessing = 0;
		};
/* End PBXResourcesBuildPhase section */

/* Begin PBXSourcesBuildPhase section */
		954067492C2C8B21000B0AFC /* Sources */ = {
			isa = PBXSourcesBuildPhase;
			buildActionMask = 2147483647;
			files = (
				954067812C2C8B84000B0AFC /* MacBookService.swift in Sources */,
				954067852C2C8BD4000B0AFC /* MacBookView.swift in Sources */,
				954067532C2C8B21000B0AFC /* ContentView.swift in Sources */,
				9540677F2C2C8B6A000B0AFC /* MacBook.swift in Sources */,
				954067832C2C8BB0000B0AFC /* MacBookViewModel.swift in Sources */,
				954067512C2C8B21000B0AFC /* MacBookInfoAPIApp.swift in Sources */,
			);
			runOnlyForDeploymentPostprocessing = 0;
		};
		954067592C2C8B24000B0AFC /* Sources */ = {
			isa = PBXSourcesBuildPhase;
			buildActionMask = 2147483647;
			files = (
				954067872C2C8C53000B0AFC /* MacBookServiceTests.swift in Sources */,
				954067622C2C8B24000B0AFC /* MacBookInfoAPITests.swift in Sources */,
				954067892C2C8C89000B0AFC /* MacBookViewModelTests.swift in Sources */,
			);
			runOnlyForDeploymentPostprocessing = 0;
		};
		954067632C2C8B24000B0AFC /* Sources */ = {
			isa = PBXSourcesBuildPhase;
			buildActionMask = 2147483647;
			files = (
				9540676E2C2C8B24000B0AFC /* MacBookInfoAPIUITestsLaunchTests.swift in Sources */,
				9540676C2C2C8B24000B0AFC /* MacBookInfoAPIUITests.swift in Sources */,
			);
			runOnlyForDeploymentPostprocessing = 0;
		};
/* End PBXSourcesBuildPhase section */

/* Begin PBXTargetDependency section */
		9540675F2C2C8B24000B0AFC /* PBXTargetDependency */ = {
			isa = PBXTargetDependency;
			target = 9540674C2C2C8B21000B0AFC /* MacBookInfoAPI */;
			targetProxy = 9540675E2C2C8B24000B0AFC /* PBXContainerItemProxy */;
		};
		954067692C2C8B24000B0AFC /* PBXTargetDependency */ = {
			isa = PBXTargetDependency;
			target = 9540674C2C2C8B21000B0AFC /* MacBookInfoAPI */;
			targetProxy = 954067682C2C8B24000B0AFC /* PBXContainerItemProxy */;
		};
/* End PBXTargetDependency section */

/* Begin XCBuildConfiguration section */
		9540676F2C2C8B24000B0AFC /* Debug */ = {
			isa = XCBuildConfiguration;
			buildSettings = {
				ALWAYS_SEARCH_USER_PATHS = NO;
				ASSETCATALOG_COMPILER_GENERATE_SWIFT_ASSET_SYMBOL_EXTENSIONS = YES;
				CLANG_ANALYZER_NONNULL = YES;
				CLANG_ANALYZER_NUMBER_OBJECT_CONVERSION = YES_AGGRESSIVE;
				CLANG_CXX_LANGUAGE_STANDARD = "gnu++20";
				CLANG_ENABLE_MODULES = YES;
				CLANG_ENABLE_OBJC_ARC = YES;
				CLANG_ENABLE_OBJC_WEAK = YES;
				CLANG_WARN_BLOCK_CAPTURE_AUTORELEASING = YES;
				CLANG_WARN_BOOL_CONVERSION = YES;
				CLANG_WARN_COMMA = YES;
				CLANG_WARN_CONSTANT_CONVERSION = YES;
				CLANG_WARN_DEPRECATED_OBJC_IMPLEMENTATIONS = YES;
				CLANG_WARN_DIRECT_OBJC_ISA_USAGE = YES_ERROR;
				CLANG_WARN_DOCUMENTATION_COMMENTS = YES;
				CLANG_WARN_EMPTY_BODY = YES;
				CLANG_WARN_ENUM_CONVERSION = YES;
				CLANG_WARN_INFINITE_RECURSION = YES;
				CLANG_WARN_INT_CONVERSION = YES;
				CLANG_WARN_NON_LITERAL_NULL_CONVERSION = YES;
				CLANG_WARN_OBJC_IMPLICIT_RETAIN_SELF = YES;
				CLANG_WARN_OBJC_LITERAL_CONVERSION = YES;
				CLANG_WARN_OBJC_ROOT_CLASS = YES_ERROR;
				CLANG_WARN_QUOTED_INCLUDE_IN_FRAMEWORK_HEADER = YES;
				CLANG_WARN_RANGE_LOOP_ANALYSIS = YES;
				CLANG_WARN_STRICT_PROTOTYPES = YES;
				CLANG_WARN_SUSPICIOUS_MOVE = YES;
				CLANG_WARN_UNGUARDED_AVAILABILITY = YES_AGGRESSIVE;
				CLANG_WARN_UNREACHABLE_CODE = YES;
				CLANG_WARN__DUPLICATE_METHOD_MATCH = YES;
				COPY_PHASE_STRIP = NO;
				DEBUG_INFORMATION_FORMAT = dwarf;
				ENABLE_STRICT_OBJC_MSGSEND = YES;
				ENABLE_TESTABILITY = YES;
				ENABLE_USER_SCRIPT_SANDBOXING = YES;
				GCC_C_LANGUAGE_STANDARD = gnu17;
				GCC_DYNAMIC_NO_PIC = NO;
				GCC_NO_COMMON_BLOCKS = YES;
				GCC_OPTIMIZATION_LEVEL = 0;
				GCC_PREPROCESSOR_DEFINITIONS = (
					"DEBUG=1",
					"$(inherited)",
				);
				GCC_WARN_64_TO_32_BIT_CONVERSION = YES;
				GCC_WARN_ABOUT_RETURN_TYPE = YES_ERROR;
				GCC_WARN_UNDECLARED_SELECTOR = YES;
				GCC_WARN_UNINITIALIZED_AUTOS = YES_AGGRESSIVE;
				GCC_WARN_UNUSED_FUNCTION = YES;
				GCC_WARN_UNUSED_VARIABLE = YES;
				IPHONEOS_DEPLOYMENT_TARGET = 17.2;
				LOCALIZATION_PREFERS_STRING_CATALOGS = YES;
				MTL_ENABLE_DEBUG_INFO = INCLUDE_SOURCE;
				MTL_FAST_MATH = YES;
				ONLY_ACTIVE_ARCH = YES;
				SDKROOT = iphoneos;
				SWIFT_ACTIVE_COMPILATION_CONDITIONS = "DEBUG $(inherited)";
				SWIFT_OPTIMIZATION_LEVEL = "-Onone";
			};
			name = Debug;
		};
		954067702C2C8B24000B0AFC /* Release */ = {
			isa = XCBuildConfiguration;
			buildSettings = {
				ALWAYS_SEARCH_USER_PATHS = NO;
				ASSETCATALOG_COMPILER_GENERATE_SWIFT_ASSET_SYMBOL_EXTENSIONS = YES;
				CLANG_ANALYZER_NONNULL = YES;
				CLANG_ANALYZER_NUMBER_OBJECT_CONVERSION = YES_AGGRESSIVE;
				CLANG_CXX_LANGUAGE_STANDARD = "gnu++20";
				CLANG_ENABLE_MODULES = YES;
				CLANG_ENABLE_OBJC_ARC = YES;
				CLANG_ENABLE_OBJC_WEAK = YES;
				CLANG_WARN_BLOCK_CAPTURE_AUTORELEASING = YES;
				CLANG_WARN_BOOL_CONVERSION = YES;
				CLANG_WARN_COMMA = YES;
				CLANG_WARN_CONSTANT_CONVERSION = YES;
				CLANG_WARN_DEPRECATED_OBJC_IMPLEMENTATIONS = YES;
				CLANG_WARN_DIRECT_OBJC_ISA_USAGE = YES_ERROR;
				CLANG_WARN_DOCUMENTATION_COMMENTS = YES;
				CLANG_WARN_EMPTY_BODY = YES;
				CLANG_WARN_ENUM_CONVERSION = YES;
				CLANG_WARN_INFINITE_RECURSION = YES;
				CLANG_WARN_INT_CONVERSION = YES;
				CLANG_WARN_NON_LITERAL_NULL_CONVERSION = YES;
				CLANG_WARN_OBJC_IMPLICIT_RETAIN_SELF = YES;
				CLANG_WARN_OBJC_LITERAL_CONVERSION = YES;
				CLANG_WARN_OBJC_ROOT_CLASS = YES_ERROR;
				CLANG_WARN_QUOTED_INCLUDE_IN_FRAMEWORK_HEADER = YES;
				CLANG_WARN_RANGE_LOOP_ANALYSIS = YES;
				CLANG_WARN_STRICT_PROTOTYPES = YES;
				CLANG_WARN_SUSPICIOUS_MOVE = YES;
				CLANG_WARN_UNGUARDED_AVAILABILITY = YES_AGGRESSIVE;
				CLANG_WARN_UNREACHABLE_CODE = YES;
				CLANG_WARN__DUPLICATE_METHOD_MATCH = YES;
				COPY_PHASE_STRIP = NO;
				DEBUG_INFORMATION_FORMAT = "dwarf-with-dsym";
				ENABLE_NS_ASSERTIONS = NO;
				ENABLE_STRICT_OBJC_MSGSEND = YES;
				ENABLE_USER_SCRIPT_SANDBOXING = YES;
				GCC_C_LANGUAGE_STANDARD = gnu17;
				GCC_NO_COMMON_BLOCKS = YES;
				GCC_WARN_64_TO_32_BIT_CONVERSION = YES;
				GCC_WARN_ABOUT_RETURN_TYPE = YES_ERROR;
				GCC_WARN_UNDECLARED_SELECTOR = YES;
				GCC_WARN_UNINITIALIZED_AUTOS = YES_AGGRESSIVE;
				GCC_WARN_UNUSED_FUNCTION = YES;
				GCC_WARN_UNUSED_VARIABLE = YES;
				IPHONEOS_DEPLOYMENT_TARGET = 17.2;
				LOCALIZATION_PREFERS_STRING_CATALOGS = YES;
				MTL_ENABLE_DEBUG_INFO = NO;
				MTL_FAST_MATH = YES;
				SDKROOT = iphoneos;
				SWIFT_COMPILATION_MODE = wholemodule;
				VALIDATE_PRODUCT = YES;
			};
			name = Release;
		};
		954067722C2C8B24000B0AFC /* Debug */ = {
			isa = XCBuildConfiguration;
			buildSettings = {
				ASSETCATALOG_COMPILER_APPICON_NAME = AppIcon;
				ASSETCATALOG_COMPILER_GLOBAL_ACCENT_COLOR_NAME = AccentColor;
				CODE_SIGN_STYLE = Automatic;
				CURRENT_PROJECT_VERSION = 1;
				DEVELOPMENT_ASSET_PATHS = "\"MacBookInfoAPI/Preview Content\"";
				ENABLE_PREVIEWS = YES;
				GENERATE_INFOPLIST_FILE = YES;
				INFOPLIST_KEY_UIApplicationSceneManifest_Generation = YES;
				INFOPLIST_KEY_UIApplicationSupportsIndirectInputEvents = YES;
				INFOPLIST_KEY_UILaunchScreen_Generation = YES;
				INFOPLIST_KEY_UISupportedInterfaceOrientations_iPad = "UIInterfaceOrientationPortrait UIInterfaceOrientationPortraitUpsideDown UIInterfaceOrientationLandscapeLeft UIInterfaceOrientationLandscapeRight";
				INFOPLIST_KEY_UISupportedInterfaceOrientations_iPhone = "UIInterfaceOrientationPortrait UIInterfaceOrientationLandscapeLeft UIInterfaceOrientationLandscapeRight";
				LD_RUNPATH_SEARCH_PATHS = (
					"$(inherited)",
					"@executable_path/Frameworks",
				);
				MARKETING_VERSION = 1.0;
				PRODUCT_BUNDLE_IDENTIFIER = com..MacBookInfoAPI;
				PRODUCT_NAME = "$(TARGET_NAME)";
				SWIFT_EMIT_LOC_STRINGS = YES;
				SWIFT_VERSION = 5.0;
				TARGETED_DEVICE_FAMILY = "1,2";
			};
			name = Debug;
		};
		954067732C2C8B24000B0AFC /* Release */ = {
			isa = XCBuildConfiguration;
			buildSettings = {
				ASSETCATALOG_COMPILER_APPICON_NAME = AppIcon;
				ASSETCATALOG_COMPILER_GLOBAL_ACCENT_COLOR_NAME = AccentColor;
				CODE_SIGN_STYLE = Automatic;
				CURRENT_PROJECT_VERSION = 1;
				DEVELOPMENT_ASSET_PATHS = "\"MacBookInfoAPI/Preview Content\"";
				ENABLE_PREVIEWS = YES;
				GENERATE_INFOPLIST_FILE = YES;
				INFOPLIST_KEY_UIApplicationSceneManifest_Generation = YES;
				INFOPLIST_KEY_UIApplicationSupportsIndirectInputEvents = YES;
				INFOPLIST_KEY_UILaunchScreen_Generation = YES;
				INFOPLIST_KEY_UISupportedInterfaceOrientations_iPad = "UIInterfaceOrientationPortrait UIInterfaceOrientationPortraitUpsideDown UIInterfaceOrientationLandscapeLeft UIInterfaceOrientationLandscapeRight";
				INFOPLIST_KEY_UISupportedInterfaceOrientations_iPhone = "UIInterfaceOrientationPortrait UIInterfaceOrientationLandscapeLeft UIInterfaceOrientationLandscapeRight";
				LD_RUNPATH_SEARCH_PATHS = (
					"$(inherited)",
					"@executable_path/Frameworks",
				);
				MARKETING_VERSION = 1.0;
				PRODUCT_BUNDLE_IDENTIFIER = com..MacBookInfoAPI;
				PRODUCT_NAME = "$(TARGET_NAME)";
				SWIFT_EMIT_LOC_STRINGS = YES;
				SWIFT_VERSION = 5.0;
				TARGETED_DEVICE_FAMILY = "1,2";
			};
			name = Release;
		};
		954067752C2C8B24000B0AFC /* Debug */ = {
			isa = XCBuildConfiguration;
			buildSettings = {
				ALWAYS_EMBED_SWIFT_STANDARD_LIBRARIES = YES;
				BUNDLE_LOADER = "$(TEST_HOST)";
				CODE_SIGN_STYLE = Automatic;
				CURRENT_PROJECT_VERSION = 1;
				GENERATE_INFOPLIST_FILE = YES;
				IPHONEOS_DEPLOYMENT_TARGET = 17.2;
				MARKETING_VERSION = 1.0;
				PRODUCT_BUNDLE_IDENTIFIER = com..MacBookInfoAPITests;
				PRODUCT_NAME = "$(TARGET_NAME)";
				SWIFT_EMIT_LOC_STRINGS = NO;
				SWIFT_VERSION = 5.0;
				TARGETED_DEVICE_FAMILY = "1,2";
				TEST_HOST = "$(BUILT_PRODUCTS_DIR)/MacBookInfoAPI.app/$(BUNDLE_EXECUTABLE_FOLDER_PATH)/MacBookInfoAPI";
			};
			name = Debug;
		};
		954067762C2C8B24000B0AFC /* Release */ = {
			isa = XCBuildConfiguration;
			buildSettings = {
				ALWAYS_EMBED_SWIFT_STANDARD_LIBRARIES = YES;
				BUNDLE_LOADER = "$(TEST_HOST)";
				CODE_SIGN_STYLE = Automatic;
				CURRENT_PROJECT_VERSION = 1;
				GENERATE_INFOPLIST_FILE = YES;
				IPHONEOS_DEPLOYMENT_TARGET = 17.2;
				MARKETING_VERSION = 1.0;
				PRODUCT_BUNDLE_IDENTIFIER = com..MacBookInfoAPITests;
				PRODUCT_NAME = "$(TARGET_NAME)";
				SWIFT_EMIT_LOC_STRINGS = NO;
				SWIFT_VERSION = 5.0;
				TARGETED_DEVICE_FAMILY = "1,2";
				TEST_HOST = "$(BUILT_PRODUCTS_DIR)/MacBookInfoAPI.app/$(BUNDLE_EXECUTABLE_FOLDER_PATH)/MacBookInfoAPI";
			};
			name = Release;
		};
		954067782C2C8B24000B0AFC /* Debug */ = {
			isa = XCBuildConfiguration;
			buildSettings = {
				ALWAYS_EMBED_SWIFT_STANDARD_LIBRARIES = YES;
				CODE_SIGN_STYLE = Automatic;
				CURRENT_PROJECT_VERSION = 1;
				GENERATE_INFOPLIST_FILE = YES;
				MARKETING_VERSION = 1.0;
				PRODUCT_BUNDLE_IDENTIFIER = com..MacBookInfoAPIUITests;
				PRODUCT_NAME = "$(TARGET_NAME)";
				SWIFT_EMIT_LOC_STRINGS = NO;
				SWIFT_VERSION = 5.0;
				TARGETED_DEVICE_FAMILY = "1,2";
				TEST_TARGET_NAME = MacBookInfoAPI;
			};
			name = Debug;
		};
		954067792C2C8B24000B0AFC /* Release */ = {
			isa = XCBuildConfiguration;
			buildSettings = {
				ALWAYS_EMBED_SWIFT_STANDARD_LIBRARIES = YES;
				CODE_SIGN_STYLE = Automatic;
				CURRENT_PROJECT_VERSION = 1;
				GENERATE_INFOPLIST_FILE = YES;
				MARKETING_VERSION = 1.0;
				PRODUCT_BUNDLE_IDENTIFIER = com..MacBookInfoAPIUITests;
				PRODUCT_NAME = "$(TARGET_NAME)";
				SWIFT_EMIT_LOC_STRINGS = NO;
				SWIFT_VERSION = 5.0;
				TARGETED_DEVICE_FAMILY = "1,2";
				TEST_TARGET_NAME = MacBookInfoAPI;
			};
			name = Release;
		};
/* End XCBuildConfiguration section */

/* Begin XCConfigurationList section */
		954067482C2C8B21000B0AFC /* Build configuration list for PBXProject "MacBookInfoAPI" */ = {
			isa = XCConfigurationList;
			buildConfigurations = (
				9540676F2C2C8B24000B0AFC /* Debug */,
				954067702C2C8B24000B0AFC /* Release */,
			);
			defaultConfigurationIsVisible = 0;
			defaultConfigurationName = Release;
		};
		954067712C2C8B24000B0AFC /* Build configuration list for PBXNativeTarget "MacBookInfoAPI" */ = {
			isa = XCConfigurationList;
			buildConfigurations = (
				954067722C2C8B24000B0AFC /* Debug */,
				954067732C2C8B24000B0AFC /* Release */,
			);
			defaultConfigurationIsVisible = 0;
			defaultConfigurationName = Release;
		};
		954067742C2C8B24000B0AFC /* Build configuration list for PBXNativeTarget "MacBookInfoAPITests" */ = {
			isa = XCConfigurationList;
			buildConfigurations = (
				954067752C2C8B24000B0AFC /* Debug */,
				954067762C2C8B24000B0AFC /* Release */,
			);
			defaultConfigurationIsVisible = 0;
			defaultConfigurationName = Release;
		};
		954067772C2C8B24000B0AFC /* Build configuration list for PBXNativeTarget "MacBookInfoAPIUITests" */ = {
			isa = XCConfigurationList;
			buildConfigurations = (
				954067782C2C8B24000B0AFC /* Debug */,
				954067792C2C8B24000B0AFC /* Release */,
			);
			defaultConfigurationIsVisible = 0;
			defaultConfigurationName = Release;
		};
/* End XCConfigurationList section */
	};
	rootObject = 954067452C2C8B21000B0AFC /* Project object */;
}
